
Microsoft Visual Studio Solution File, Format Version 11.00
# Visual C# Express 2010
Project("{FAE04EC0-301F-11D3-BF4B-00C04F79EFBC}") = "Mortuum", "Mortuum\Mortuum\Mortuum.csproj", "{C6F62A7C-F322-4DDD-9D40-5A9C519C1750}"
EndProject
Project("{96E2B04D-8817-42C6-938A-82C39BA4D311}") = "MortuumContent", "Mortuum\MortuumContent\MortuumContent.contentproj", "{67F12DF2-A480-4BD3-89B3-47E204E99156}"
EndProject
Global
	GlobalSection(SolutionConfigurationPlatforms) = preSolution
		Debug|x86 = Debug|x86
		Release|x86 = Release|x86
	EndGlobalSection
	GlobalSection(ProjectConfigurationPlatforms) = postSolution
		{C6F62A7C-F322-4DDD-9D40-5A9C519C1750}.Debug|x86.ActiveCfg = Debug|x86
		{C6F62A7C-F322-4DDD-9D40-5A9C519C1750}.Debug|x86.Build.0 = Debug|x86
		{C6F62A7C-F322-4DDD-9D40-5A9C519C1750}.Release|x86.ActiveCfg = Release|x86
		{C6F62A7C-F322-4DDD-9D40-5A9C519C1750}.Release|x86.Build.0 = Release|x86
		{67F12DF2-A480-4BD3-89B3-47E204E99156}.Debug|x86.ActiveCfg = Debug|x86
		{67F12DF2-A480-4BD3-89B3-47E204E99156}.Release|x86.ActiveCfg = Release|x86
	EndGlobalSection
	GlobalSection(SolutionProperties) = preSolution
		HideSolutionNode = FALSE
	EndGlobalSection
EndGlobal
